
Microsoft Visual Studio Solution File, Format Version 12.00
# Visual Studio 15
VisualStudioVersion = 15.0.28307.136
MinimumVisualStudioVersion = 10.0.40219.1
Project("{FAE04EC0-301F-11D3-BF4B-00C04F79EFBC}") = "MyMobil.Android", "MyMobil\MyMobil.Android\MyMobil.Android.csproj", "{24CE3C36-16B9-426D-AA0C-5961ECF8D88C}"
EndProject
Project("{9A19103F-16F7-4668-BE54-9A1E7A4F7556}") = "MyMobil.MobileAppService", "MyMobil\MyMobil.MobileAppService\MyMobil.MobileAppService.csproj", "{AB2C38C7-17C8-490E-93B9-BF285368494E}"
EndProject
Project("{9A19103F-16F7-4668-BE54-9A1E7A4F7556}") = "MyMobil", "MyMobil\MyMobil\MyMobil.csproj", "{1E490CC6-5D01-4FE8-8FE8-EE30CC18584D}"
EndProject
Global
	GlobalSection(SolutionConfigurationPlatforms) = preSolution
		Debug|Any CPU = Debug|Any CPU
		Debug|ARM = Debug|ARM
		Debug|x64 = Debug|x64
		Debug|x86 = Debug|x86
		Release|Any CPU = Release|Any CPU
		Release|ARM = Release|ARM
		Release|x64 = Release|x64
		Release|x86 = Release|x86
	EndGlobalSection
	GlobalSection(ProjectConfigurationPlatforms) = postSolution
		{24CE3C36-16B9-426D-AA0C-5961ECF8D88C}.Debug|Any CPU.ActiveCfg = Debug|Any CPU
		{24CE3C36-16B9-426D-AA0C-5961ECF8D88C}.Debug|Any CPU.Build.0 = Debug|Any CPU
		{24CE3C36-16B9-426D-AA0C-5961ECF8D88C}.Debug|Any CPU.Deploy.0 = Debug|Any CPU
		{24CE3C36-16B9-426D-AA0C-5961ECF8D88C}.Debug|ARM.ActiveCfg = Debug|Any CPU
		{24CE3C36-16B9-426D-AA0C-5961ECF8D88C}.Debug|ARM.Build.0 = Debug|Any CPU
		{24CE3C36-16B9-426D-AA0C-5961ECF8D88C}.Debug|ARM.Deploy.0 = Debug|Any CPU
		{24CE3C36-16B9-426D-AA0C-5961ECF8D88C}.Debug|x64.ActiveCfg = Debug|Any CPU
		{24CE3C36-16B9-426D-AA0C-5961ECF8D88C}.Debug|x64.Build.0 = Debug|Any CPU
		{24CE3C36-16B9-426D-AA0C-5961ECF8D88C}.Debug|x64.Deploy.0 = Debug|Any CPU
		{24CE3C36-16B9-426D-AA0C-5961ECF8D88C}.Debug|x86.ActiveCfg = Debug|Any CPU
		{24CE3C36-16B9-426D-AA0C-5961ECF8D88C}.Debug|x86.Build.0 = Debug|Any CPU
		{24CE3C36-16B9-426D-AA0C-5961ECF8D88C}.Debug|x86.Deploy.0 = Debug|Any CPU
		{24CE3C36-16B9-426D-AA0C-5961ECF8D88C}.Release|Any CPU.ActiveCfg = Release|Any CPU
		{24CE3C36-16B9-426D-AA0C-5961ECF8D88C}.Release|Any CPU.Build.0 = Release|Any CPU
		{24CE3C36-16B9-426D-AA0C-5961ECF8D88C}.Release|Any CPU.Deploy.0 = Release|Any CPU
		{24CE3C36-16B9-426D-AA0C-5961ECF8D88C}.Release|ARM.ActiveCfg = Release|Any CPU
		{24CE3C36-16B9-426D-AA0C-5961ECF8D88C}.Release|ARM.Build.0 = Release|Any CPU
		{24CE3C36-16B9-426D-AA0C-5961ECF8D88C}.Release|ARM.Deploy.0 = Release|Any CPU
		{24CE3C36-16B9-426D-AA0C-5961ECF8D88C}.Release|x64.ActiveCfg = Release|Any CPU
		{24CE3C36-16B9-426D-AA0C-5961ECF8D88C}.Release|x64.Build.0 = Release|Any CPU
		{24CE3C36-16B9-426D-AA0C-5961ECF8D88C}.Release|x64.Deploy.0 = Release|Any CPU
		{24CE3C36-16B9-426D-AA0C-5961ECF8D88C}.Release|x86.ActiveCfg = Release|Any CPU
		{24CE3C36-16B9-426D-AA0C-5961ECF8D88C}.Release|x86.Build.0 = Release|Any CPU
		{24CE3C36-16B9-426D-AA0C-5961ECF8D88C}.Release|x86.Deploy.0 = Release|Any CPU
		{AB2C38C7-17C8-490E-93B9-BF285368494E}.Debug|Any CPU.ActiveCfg = Debug|Any CPU
		{AB2C38C7-17C8-490E-93B9-BF285368494E}.Debug|Any CPU.Build.0 = Debug|Any CPU
		{AB2C38C7-17C8-490E-93B9-BF285368494E}.Debug|Any CPU.Deploy.0 = Debug|Any CPU
		{AB2C38C7-17C8-490E-93B9-BF285368494E}.Debug|ARM.ActiveCfg = Debug|Any CPU
		{AB2C38C7-17C8-490E-93B9-BF285368494E}.Debug|ARM.Build.0 = Debug|Any CPU
		{AB2C38C7-17C8-490E-93B9-BF285368494E}.Debug|ARM.Deploy.0 = Debug|Any CPU
		{AB2C38C7-17C8-490E-93B9-BF285368494E}.Debug|x64.ActiveCfg = Debug|Any CPU
		{AB2C38C7-17C8-490E-93B9-BF285368494E}.Debug|x64.Build.0 = Debug|Any CPU
		{AB2C38C7-17C8-490E-93B9-BF285368494E}.Debug|x64.Deploy.0 = Debug|Any CPU
		{AB2C38C7-17C8-490E-93B9-BF285368494E}.Debug|x86.ActiveCfg = Debug|Any CPU
		{AB2C38C7-17C8-490E-93B9-BF285368494E}.Debug|x86.Build.0 = Debug|Any CPU
		{AB2C38C7-17C8-490E-93B9-BF285368494E}.Debug|x86.Deploy.0 = Debug|Any CPU
		{AB2C38C7-17C8-490E-93B9-BF285368494E}.Release|Any CPU.ActiveCfg = Release|Any CPU
		{AB2C38C7-17C8-490E-93B9-BF285368494E}.Release|Any CPU.Build.0 = Release|Any CPU
		{AB2C38C7-17C8-490E-93B9-BF285368494E}.Release|Any CPU.Deploy.0 = Release|Any CPU
		{AB2C38C7-17C8-490E-93B9-BF285368494E}.Release|ARM.ActiveCfg = Release|Any CPU
		{AB2C38C7-17C8-490E-93B9-BF285368494E}.Release|ARM.Build.0 = Release|Any CPU
		{AB2C38C7-17C8-490E-93B9-BF285368494E}.Release|ARM.Deploy.0 = Release|Any CPU
		{AB2C38C7-17C8-490E-93B9-BF285368494E}.Release|x64.ActiveCfg = Release|Any CPU
		{AB2C38C7-17C8-490E-93B9-BF285368494E}.Release|x64.Build.0 = Release|Any CPU
		{AB2C38C7-17C8-490E-93B9-BF285368494E}.Release|x64.Deploy.0 = Release|Any CPU
		{AB2C38C7-17C8-490E-93B9-BF285368494E}.Release|x86.ActiveCfg = Release|Any CPU
		{AB2C38C7-17C8-490E-93B9-BF285368494E}.Release|x86.Build.0 = Release|Any CPU
		{AB2C38C7-17C8-490E-93B9-BF285368494E}.Release|x86.Deploy.0 = Release|Any CPU
		{1E490CC6-5D01-4FE8-8FE8-EE30CC18584D}.Debug|Any CPU.ActiveCfg = Debug|Any CPU
		{1E490CC6-5D01-4FE8-8FE8-EE30CC18584D}.Debug|Any CPU.Build.0 = Debug|Any CPU
		{1E490CC6-5D01-4FE8-8FE8-EE30CC18584D}.Debug|Any CPU.Deploy.0 = Debug|Any CPU
		{1E490CC6-5D01-4FE8-8FE8-EE30CC18584D}.Debug|ARM.ActiveCfg = Debug|Any CPU
		{1E490CC6-5D01-4FE8-8FE8-EE30CC18584D}.Debug|ARM.Build.0 = Debug|Any CPU
		{1E490CC6-5D01-4FE8-8FE8-EE30CC18584D}.Debug|ARM.Deploy.0 = Debug|Any CPU
		{1E490CC6-5D01-4FE8-8FE8-EE30CC18584D}.Debug|x64.ActiveCfg = Debug|Any CPU
		{1E490CC6-5D01-4FE8-8FE8-EE30CC18584D}.Debug|x64.Build.0 = Debug|Any CPU
		{1E490CC6-5D01-4FE8-8FE8-EE30CC18584D}.Debug|x64.Deploy.0 = Debug|Any CPU
		{1E490CC6-5D01-4FE8-8FE8-EE30CC18584D}.Debug|x86.ActiveCfg = Debug|Any CPU
		{1E490CC6-5D01-4FE8-8FE8-EE30CC18584D}.Debug|x86.Build.0 = Debug|Any CPU
		{1E490CC6-5D01-4FE8-8FE8-EE30CC18584D}.Debug|x86.Deploy.0 = Debug|Any CPU
		{1E490CC6-5D01-4FE8-8FE8-EE30CC18584D}.Release|Any CPU.ActiveCfg = Release|Any CPU
		{1E490CC6-5D01-4FE8-8FE8-EE30CC18584D}.Release|Any CPU.Build.0 = Release|Any CPU
		{1E490CC6-5D01-4FE8-8FE8-EE30CC18584D}.Release|Any CPU.Deploy.0 = Release|Any CPU
		{1E490CC6-5D01-4FE8-8FE8-EE30CC18584D}.Release|ARM.ActiveCfg = Release|Any CPU
		{1E490CC6-5D01-4FE8-8FE8-EE30CC18584D}.Release|ARM.Build.0 = Release|Any CPU
		{1E490CC6-5D01-4FE8-8FE8-EE30CC18584D}.Release|ARM.Deploy.0 = Release|Any CPU
		{1E490CC6-5D01-4FE8-8FE8-EE30CC18584D}.Release|x64.ActiveCfg = Release|Any CPU
		{1E490CC6-5D01-4FE8-8FE8-EE30CC18584D}.Release|x64.Build.0 = Release|Any CPU
		{1E490CC6-5D01-4FE8-8FE8-EE30CC18584D}.Release|x64.Deploy.0 = Release|Any CPU
		{1E490CC6-5D01-4FE8-8FE8-EE30CC18584D}.Release|x86.ActiveCfg = Release|Any CPU
		{1E490CC6-5D01-4FE8-8FE8-EE30CC18584D}.Release|x86.Build.0 = Release|Any CPU
		{1E490CC6-5D01-4FE8-8FE8-EE30CC18584D}.Release|x86.Deploy.0 = Release|Any CPU
	EndGlobalSection
	GlobalSection(SolutionProperties) = preSolution
		HideSolutionNode = FALSE
	EndGlobalSection
	GlobalSection(ExtensibilityGlobals) = postSolution
		SolutionGuid = {2F8CF756-D3B5-49AA-AB9A-704D053E8726}
	EndGlobalSection
EndGlobal
